<Solution>
  <Folder Name="/src/">
    <Project Path="src/ContactCore.Domain/ContactCore.Domain.csproj" />
    <Project Path="src/ContactCore.Application/ContactCore.Application.csproj" />
    <Project Path="src/ContactCore.Infrastructure/ContactCore.Infrastructure.csproj" />
    <Project Path="src/ContactCore.UI/ContactCore.UI.csproj" />
    <Project Path="src/ContactCore.Native/ContactCore.Native.csproj" />
    <Project Path="src/ContactCore.Desktop/ContactCore.Desktop.csproj" />
  </Folder>
  <Folder Name="/tests/">
    <Project Path="tests/ContactCore.Domain.Tests/ContactCore.Domain.Tests.csproj" />
    <Project Path="tests/ContactCore.Application.Tests/ContactCore.Application.Tests.csproj" />
    <Project Path="tests/ContactCore.Infrastructure.Tests/ContactCore.Infrastructure.Tests.csproj" />
    <Project Path="tests/ContactCore.Desktop.Tests/ContactCore.Desktop.Tests.csproj" />
  </Folder>
</Solution>
